
Microsoft Visual Studio Solution File, Format Version 12.00
# Visual Studio Version 16
VisualStudioVersion = 16.0.30204.135
MinimumVisualStudioVersion = 10.0.40219.1
Project("{9A19103F-16F7-4668-BE54-9A1E7A4F7556}") = "RobotGame", "RobotGame\RobotGame.csproj", "{47FCF046-2EA0-45D5-8A4B-3B3875842D9C}"
EndProject
Project("{9A19103F-16F7-4668-BE54-9A1E7A4F7556}") = "RobotGame.Shared", "RobotGame.Shared\RobotGame.Shared.csproj", "{E95D843C-CED3-49AC-901C-132F7CEE30FD}"
EndProject
Project("{FAE04EC0-301F-11D3-BF4B-00C04F79EFBC}") = "RobotGame.Shared.Test", "RobotGame.Shared.Test\RobotGame.Shared.Test.csproj", "{ED932C45-BB08-4AF5-B6A9-094FB1A60BA8}"
EndProject
Global
	GlobalSection(SolutionConfigurationPlatforms) = preSolution
		Debug|Any CPU = Debug|Any CPU
		Release|Any CPU = Release|Any CPU
	EndGlobalSection
	GlobalSection(ProjectConfigurationPlatforms) = postSolution
		{47FCF046-2EA0-45D5-8A4B-3B3875842D9C}.Debug|Any CPU.ActiveCfg = Debug|Any CPU
		{47FCF046-2EA0-45D5-8A4B-3B3875842D9C}.Debug|Any CPU.Build.0 = Debug|Any CPU
		{47FCF046-2EA0-45D5-8A4B-3B3875842D9C}.Release|Any CPU.ActiveCfg = Release|Any CPU
		{47FCF046-2EA0-45D5-8A4B-3B3875842D9C}.Release|Any CPU.Build.0 = Release|Any CPU
		{E95D843C-CED3-49AC-901C-132F7CEE30FD}.Debug|Any CPU.ActiveCfg = Debug|Any CPU
		{E95D843C-CED3-49AC-901C-132F7CEE30FD}.Debug|Any CPU.Build.0 = Debug|Any CPU
		{E95D843C-CED3-49AC-901C-132F7CEE30FD}.Release|Any CPU.ActiveCfg = Release|Any CPU
		{E95D843C-CED3-49AC-901C-132F7CEE30FD}.Release|Any CPU.Build.0 = Release|Any CPU
		{ED932C45-BB08-4AF5-B6A9-094FB1A60BA8}.Debug|Any CPU.ActiveCfg = Debug|Any CPU
		{ED932C45-BB08-4AF5-B6A9-094FB1A60BA8}.Debug|Any CPU.Build.0 = Debug|Any CPU
		{ED932C45-BB08-4AF5-B6A9-094FB1A60BA8}.Release|Any CPU.ActiveCfg = Release|Any CPU
		{ED932C45-BB08-4AF5-B6A9-094FB1A60BA8}.Release|Any CPU.Build.0 = Release|Any CPU
	EndGlobalSection
	GlobalSection(SolutionProperties) = preSolution
		HideSolutionNode = FALSE
	EndGlobalSection
	GlobalSection(ExtensibilityGlobals) = postSolution
		SolutionGuid = {0D2CEFE0-5191-42B7-B990-0FD8E581329B}
	EndGlobalSection
EndGlobal
